// !$*UTF8*$!
{
	archiveVersion = 1;
	classes = {
	};
	objectVersion = 56;
	objects = {

/* Begin PBXBuildFile section */
		6D01F55D2B77CE20001FD6B0 /* SettingsTableViewCell.swift in Sources */ = {isa = PBXBuildFile; fileRef = 6D01F55C2B77CE20001FD6B0 /* SettingsTableViewCell.swift */; };
		6D01F55F2B78DE48001FD6B0 /* SignUpViewController.swift in Sources */ = {isa = PBXBuildFile; fileRef = 6D01F55E2B78DE48001FD6B0 /* SignUpViewController.swift */; };
		6D01F5612B7ADA88001FD6B0 /* WalletViewController.swift in Sources */ = {isa = PBXBuildFile; fileRef = 6D01F5602B7ADA88001FD6B0 /* WalletViewController.swift */; };
		6D7CEEAA2B6BB13600C28F7E /* AppDelegate.swift in Sources */ = {isa = PBXBuildFile; fileRef = 6D7CEEA92B6BB13600C28F7E /* AppDelegate.swift */; };
		6D7CEEAC2B6BB13600C28F7E /* SceneDelegate.swift in Sources */ = {isa = PBXBuildFile; fileRef = 6D7CEEAB2B6BB13600C28F7E /* SceneDelegate.swift */; };
		6D7CEEB12B6BB13600C28F7E /* Main.storyboard in Resources */ = {isa = PBXBuildFile; fileRef = 6D7CEEAF2B6BB13600C28F7E /* Main.storyboard */; };
		6D7CEEB32B6BB14300C28F7E /* Assets.xcassets in Resources */ = {isa = PBXBuildFile; fileRef = 6D7CEEB22B6BB14300C28F7E /* Assets.xcassets */; };
		6D7CEEB62B6BB14300C28F7E /* LaunchScreen.storyboard in Resources */ = {isa = PBXBuildFile; fileRef = 6D7CEEB42B6BB14300C28F7E /* LaunchScreen.storyboard */; };
		6D7CEEC32B6BB57400C28F7E /* MainViewController.swift in Sources */ = {isa = PBXBuildFile; fileRef = 6D7CEEC22B6BB57400C28F7E /* MainViewController.swift */; };
		6D7CEEC52B6BB95A00C28F7E /* ViewController.swift in Sources */ = {isa = PBXBuildFile; fileRef = 6D7CEEC42B6BB95A00C28F7E /* ViewController.swift */; };
		6D7CEEC72B6BCDAD00C28F7E /* WebServices.swift in Sources */ = {isa = PBXBuildFile; fileRef = 6D7CEEC62B6BCDAD00C28F7E /* WebServices.swift */; };
		6D7CEEC92B6BCE3500C28F7E /* CryptoModel.swift in Sources */ = {isa = PBXBuildFile; fileRef = 6D7CEEC82B6BCE3500C28F7E /* CryptoModel.swift */; };
		6D7CEECB2B6BDBD800C28F7E /* CryptoViewModel.swift in Sources */ = {isa = PBXBuildFile; fileRef = 6D7CEECA2B6BDBD800C28F7E /* CryptoViewModel.swift */; };
		6D7CEECE2B6BE12E00C28F7E /* MainTableViewCell.swift in Sources */ = {isa = PBXBuildFile; fileRef = 6D7CEECD2B6BE12E00C28F7E /* MainTableViewCell.swift */; };
		6D7CEED02B70310400C28F7E /* SellViewController.swift in Sources */ = {isa = PBXBuildFile; fileRef = 6D7CEECF2B70310400C28F7E /* SellViewController.swift */; };
		6D7CEED22B70310E00C28F7E /* SettingsViewController.swift in Sources */ = {isa = PBXBuildFile; fileRef = 6D7CEED12B70310E00C28F7E /* SettingsViewController.swift */; };
		6D7CEED42B70366F00C28F7E /* SellTableViewCell.swift in Sources */ = {isa = PBXBuildFile; fileRef = 6D7CEED32B70366F00C28F7E /* SellTableViewCell.swift */; };
		6D7CEED62B7036CD00C28F7E /* DetailsViewController.swift in Sources */ = {isa = PBXBuildFile; fileRef = 6D7CEED52B7036CD00C28F7E /* DetailsViewController.swift */; };
		6D7CEEDF2B703F7B00C28F7E /* FirebaseAnalytics in Frameworks */ = {isa = PBXBuildFile; productRef = 6D7CEEDE2B703F7B00C28F7E /* FirebaseAnalytics */; };
		6D7CEEE12B703F7B00C28F7E /* FirebaseAnalyticsOnDeviceConversion in Frameworks */ = {isa = PBXBuildFile; productRef = 6D7CEEE02B703F7B00C28F7E /* FirebaseAnalyticsOnDeviceConversion */; };
		6D7CEEE32B703F7B00C28F7E /* FirebaseAppDistribution-Beta in Frameworks */ = {isa = PBXBuildFile; productRef = 6D7CEEE22B703F7B00C28F7E /* FirebaseAppDistribution-Beta */; };
		6D7CEEE52B703F7B00C28F7E /* FirebaseAuth in Frameworks */ = {isa = PBXBuildFile; productRef = 6D7CEEE42B703F7B00C28F7E /* FirebaseAuth */; };
		6D7CEEE72B703F7B00C28F7E /* FirebaseAuthCombine-Community in Frameworks */ = {isa = PBXBuildFile; productRef = 6D7CEEE62B703F7B00C28F7E /* FirebaseAuthCombine-Community */; };
		6D7CEEE92B703F7B00C28F7E /* FirebaseCrashlytics in Frameworks */ = {isa = PBXBuildFile; productRef = 6D7CEEE82B703F7B00C28F7E /* FirebaseCrashlytics */; };
		6D7CEEEB2B703F7B00C28F7E /* FirebaseDatabase in Frameworks */ = {isa = PBXBuildFile; productRef = 6D7CEEEA2B703F7B00C28F7E /* FirebaseDatabase */; };
		6D7CEEED2B703F7B00C28F7E /* FirebaseDatabaseSwift in Frameworks */ = {isa = PBXBuildFile; productRef = 6D7CEEEC2B703F7B00C28F7E /* FirebaseDatabaseSwift */; };
		6D7CEEEF2B703F7B00C28F7E /* FirebaseFirestore in Frameworks */ = {isa = PBXBuildFile; productRef = 6D7CEEEE2B703F7B00C28F7E /* FirebaseFirestore */; };
		6D7CEEF12B703F7B00C28F7E /* FirebaseStorage in Frameworks */ = {isa = PBXBuildFile; productRef = 6D7CEEF02B703F7B00C28F7E /* FirebaseStorage */; };
		6D7CEEFB2B704D6800C28F7E /* GoogleService-Info.plist in Resources */ = {isa = PBXBuildFile; fileRef = 6D7CEEFA2B704D6800C28F7E /* GoogleService-Info.plist */; };
		6D9CD6972B7B782E0087A90A /* ChangePasswordViewController.swift in Sources */ = {isa = PBXBuildFile; fileRef = 6D9CD6962B7B782E0087A90A /* ChangePasswordViewController.swift */; };
/* End PBXBuildFile section */

/* Begin PBXFileReference section */
		6D01F55C2B77CE20001FD6B0 /* SettingsTableViewCell.swift */ = {isa = PBXFileReference; lastKnownFileType = sourcecode.swift; path = SettingsTableViewCell.swift; sourceTree = "<group>"; };
		6D01F55E2B78DE48001FD6B0 /* SignUpViewController.swift */ = {isa = PBXFileReference; lastKnownFileType = sourcecode.swift; path = SignUpViewController.swift; sourceTree = "<group>"; };
		6D01F5602B7ADA88001FD6B0 /* WalletViewController.swift */ = {isa = PBXFileReference; lastKnownFileType = sourcecode.swift; path = WalletViewController.swift; sourceTree = "<group>"; };
		6D7CEEA62B6BB13600C28F7E /* BTCrypto.app */ = {isa = PBXFileReference; explicitFileType = wrapper.application; includeInIndex = 0; path = BTCrypto.app; sourceTree = BUILT_PRODUCTS_DIR; };
		6D7CEEA92B6BB13600C28F7E /* AppDelegate.swift */ = {isa = PBXFileReference; lastKnownFileType = sourcecode.swift; path = AppDelegate.swift; sourceTree = "<group>"; };
		6D7CEEAB2B6BB13600C28F7E /* SceneDelegate.swift */ = {isa = PBXFileReference; lastKnownFileType = sourcecode.swift; path = SceneDelegate.swift; sourceTree = "<group>"; };
		6D7CEEB02B6BB13600C28F7E /* Base */ = {isa = PBXFileReference; lastKnownFileType = file.storyboard; name = Base; path = Base.lproj/Main.storyboard; sourceTree = "<group>"; };
		6D7CEEB22B6BB14300C28F7E /* Assets.xcassets */ = {isa = PBXFileReference; lastKnownFileType = folder.assetcatalog; path = Assets.xcassets; sourceTree = "<group>"; };
		6D7CEEB52B6BB14300C28F7E /* Base */ = {isa = PBXFileReference; lastKnownFileType = file.storyboard; name = Base; path = Base.lproj/LaunchScreen.storyboard; sourceTree = "<group>"; };
		6D7CEEB72B6BB14300C28F7E /* Info.plist */ = {isa = PBXFileReference; lastKnownFileType = text.plist.xml; path = Info.plist; sourceTree = "<group>"; };
		6D7CEEC22B6BB57400C28F7E /* MainViewController.swift */ = {isa = PBXFileReference; lastKnownFileType = sourcecode.swift; path = MainViewController.swift; sourceTree = "<group>"; };
		6D7CEEC42B6BB95A00C28F7E /* ViewController.swift */ = {isa = PBXFileReference; lastKnownFileType = sourcecode.swift; path = ViewController.swift; sourceTree = "<group>"; };
		6D7CEEC62B6BCDAD00C28F7E /* WebServices.swift */ = {isa = PBXFileReference; lastKnownFileType = sourcecode.swift; path = WebServices.swift; sourceTree = "<group>"; };
		6D7CEEC82B6BCE3500C28F7E /* CryptoModel.swift */ = {isa = PBXFileReference; lastKnownFileType = sourcecode.swift; path = CryptoModel.swift; sourceTree = "<group>"; };
		6D7CEECA2B6BDBD800C28F7E /* CryptoViewModel.swift */ = {isa = PBXFileReference; lastKnownFileType = sourcecode.swift; path = CryptoViewModel.swift; sourceTree = "<group>"; };
		6D7CEECD2B6BE12E00C28F7E /* MainTableViewCell.swift */ = {isa = PBXFileReference; lastKnownFileType = sourcecode.swift; path = MainTableViewCell.swift; sourceTree = "<group>"; };
		6D7CEECF2B70310400C28F7E /* SellViewController.swift */ = {isa = PBXFileReference; lastKnownFileType = sourcecode.swift; path = SellViewController.swift; sourceTree = "<group>"; };
		6D7CEED12B70310E00C28F7E /* SettingsViewController.swift */ = {isa = PBXFileReference; lastKnownFileType = sourcecode.swift; path = SettingsViewController.swift; sourceTree = "<group>"; };
		6D7CEED32B70366F00C28F7E /* SellTableViewCell.swift */ = {isa = PBXFileReference; lastKnownFileType = sourcecode.swift; path = SellTableViewCell.swift; sourceTree = "<group>"; };
		6D7CEED52B7036CD00C28F7E /* DetailsViewController.swift */ = {isa = PBXFileReference; lastKnownFileType = sourcecode.swift; path = DetailsViewController.swift; sourceTree = "<group>"; tabWidth = 4; };
		6D7CEEFA2B704D6800C28F7E /* GoogleService-Info.plist */ = {isa = PBXFileReference; fileEncoding = 4; lastKnownFileType = text.plist.xml; path = "GoogleService-Info.plist"; sourceTree = "<group>"; };
		6D9CD6962B7B782E0087A90A /* ChangePasswordViewController.swift */ = {isa = PBXFileReference; lastKnownFileType = sourcecode.swift; path = ChangePasswordViewController.swift; sourceTree = "<group>"; };
/* End PBXFileReference section */

/* Begin PBXFrameworksBuildPhase section */
		6D7CEEA32B6BB13600C28F7E /* Frameworks */ = {
			isa = PBXFrameworksBuildPhase;
			buildActionMask = 2147483647;
			files = (
				6D7CEEED2B703F7B00C28F7E /* FirebaseDatabaseSwift in Frameworks */,
				6D7CEEDF2B703F7B00C28F7E /* FirebaseAnalytics in Frameworks */,
				6D7CEEE12B703F7B00C28F7E /* FirebaseAnalyticsOnDeviceConversion in Frameworks */,
				6D7CEEF12B703F7B00C28F7E /* FirebaseStorage in Frameworks */,
				6D7CEEE32B703F7B00C28F7E /* FirebaseAppDistribution-Beta in Frameworks */,
				6D7CEEE92B703F7B00C28F7E /* FirebaseCrashlytics in Frameworks */,
				6D7CEEEF2B703F7B00C28F7E /* FirebaseFirestore in Frameworks */,
				6D7CEEE52B703F7B00C28F7E /* FirebaseAuth in Frameworks */,
				6D7CEEEB2B703F7B00C28F7E /* FirebaseDatabase in Frameworks */,
				6D7CEEE72B703F7B00C28F7E /* FirebaseAuthCombine-Community in Frameworks */,
			);
			runOnlyForDeploymentPostprocessing = 0;
		};
/* End PBXFrameworksBuildPhase section */

/* Begin PBXGroup section */
		6D7CEE9D2B6BB13600C28F7E = {
			isa = PBXGroup;
			children = (
				6D7CEEA82B6BB13600C28F7E /* BTCrypto */,
				6D7CEEA72B6BB13600C28F7E /* Products */,
			);
			sourceTree = "<group>";
		};
		6D7CEEA72B6BB13600C28F7E /* Products */ = {
			isa = PBXGroup;
			children = (
				6D7CEEA62B6BB13600C28F7E /* BTCrypto.app */,
			);
			name = Products;
			sourceTree = "<group>";
		};
		6D7CEEA82B6BB13600C28F7E /* BTCrypto */ = {
			isa = PBXGroup;
			children = (
				6D7CEECC2B6BE11B00C28F7E /* ViewCells */,
				6D7CEEC12B6BB53600C28F7E /* Delegates */,
				6D7CEEC02B6BB52900C28F7E /* Services */,
				6D7CEEBF2B6BB4DD00C28F7E /* ViewModels */,
				6D7CEEBE2B6BB4D800C28F7E /* Models */,
				6D7CEEBD2B6BB4D000C28F7E /* Views */,
				6D7CEEAF2B6BB13600C28F7E /* Main.storyboard */,
				6D7CEEB22B6BB14300C28F7E /* Assets.xcassets */,
				6D7CEEB42B6BB14300C28F7E /* LaunchScreen.storyboard */,
				6D7CEEB72B6BB14300C28F7E /* Info.plist */,
				6D7CEEFA2B704D6800C28F7E /* GoogleService-Info.plist */,
			);
			path = BTCrypto;
			sourceTree = "<group>";
		};
		6D7CEEBD2B6BB4D000C28F7E /* Views */ = {
			isa = PBXGroup;
			children = (
				6D7CEEC42B6BB95A00C28F7E /* ViewController.swift */,
				6D7CEEC22B6BB57400C28F7E /* MainViewController.swift */,
				6D7CEECF2B70310400C28F7E /* SellViewController.swift */,
				6D7CEED12B70310E00C28F7E /* SettingsViewController.swift */,
				6D7CEED52B7036CD00C28F7E /* DetailsViewController.swift */,
				6D01F55E2B78DE48001FD6B0 /* SignUpViewController.swift */,
				6D01F5602B7ADA88001FD6B0 /* WalletViewController.swift */,
				6D9CD6962B7B782E0087A90A /* ChangePasswordViewController.swift */,
			);
			path = Views;
			sourceTree = "<group>";
		};
		6D7CEEBE2B6BB4D800C28F7E /* Models */ = {
			isa = PBXGroup;
			children = (
				6D7CEEC82B6BCE3500C28F7E /* CryptoModel.swift */,
			);
			path = Models;
			sourceTree = "<group>";
		};
		6D7CEEBF2B6BB4DD00C28F7E /* ViewModels */ = {
			isa = PBXGroup;
			children = (
				6D7CEECA2B6BDBD800C28F7E /* CryptoViewModel.swift */,
			);
			path = ViewModels;
			sourceTree = "<group>";
		};
		6D7CEEC02B6BB52900C28F7E /* Services */ = {
			isa = PBXGroup;
			children = (
				6D7CEEC62B6BCDAD00C28F7E /* WebServices.swift */,
			);
			path = Services;
			sourceTree = "<group>";
		};
		6D7CEEC12B6BB53600C28F7E /* Delegates */ = {
			isa = PBXGroup;
			children = (
				6D7CEEA92B6BB13600C28F7E /* AppDelegate.swift */,
				6D7CEEAB2B6BB13600C28F7E /* SceneDelegate.swift */,
			);
			path = Delegates;
			sourceTree = "<group>";
		};
		6D7CEECC2B6BE11B00C28F7E /* ViewCells */ = {
			isa = PBXGroup;
			children = (
				6D7CEECD2B6BE12E00C28F7E /* MainTableViewCell.swift */,
				6D7CEED32B70366F00C28F7E /* SellTableViewCell.swift */,
				6D01F55C2B77CE20001FD6B0 /* SettingsTableViewCell.swift */,
			);
			path = ViewCells;
			sourceTree = "<group>";
		};
/* End PBXGroup section */

/* Begin PBXNativeTarget section */
		6D7CEEA52B6BB13600C28F7E /* BTCrypto */ = {
			isa = PBXNativeTarget;
			buildConfigurationList = 6D7CEEBA2B6BB14300C28F7E /* Build configuration list for PBXNativeTarget "BTCrypto" */;
			buildPhases = (
				6D7CEEA22B6BB13600C28F7E /* Sources */,
				6D7CEEA32B6BB13600C28F7E /* Frameworks */,
				6D7CEEA42B6BB13600C28F7E /* Resources */,
			);
			buildRules = (
			);
			dependencies = (
			);
			name = BTCrypto;
			packageProductDependencies = (
				6D7CEEDE2B703F7B00C28F7E /* FirebaseAnalytics */,
				6D7CEEE02B703F7B00C28F7E /* FirebaseAnalyticsOnDeviceConversion */,
				6D7CEEE22B703F7B00C28F7E /* FirebaseAppDistribution-Beta */,
				6D7CEEE42B703F7B00C28F7E /* FirebaseAuth */,
				6D7CEEE62B703F7B00C28F7E /* FirebaseAuthCombine-Community */,
				6D7CEEE82B703F7B00C28F7E /* FirebaseCrashlytics */,
				6D7CEEEA2B703F7B00C28F7E /* FirebaseDatabase */,
				6D7CEEEC2B703F7B00C28F7E /* FirebaseDatabaseSwift */,
				6D7CEEEE2B703F7B00C28F7E /* FirebaseFirestore */,
				6D7CEEF02B703F7B00C28F7E /* FirebaseStorage */,
			);
			productName = BTCrypto;
			productReference = 6D7CEEA62B6BB13600C28F7E /* BTCrypto.app */;
			productType = "com.apple.product-type.application";
		};
/* End PBXNativeTarget section */

/* Begin PBXProject section */
		6D7CEE9E2B6BB13600C28F7E /* Project object */ = {
			isa = PBXProject;
			attributes = {
				BuildIndependentTargetsInParallel = 1;
				LastSwiftUpdateCheck = 1500;
				LastUpgradeCheck = 1500;
				TargetAttributes = {
					6D7CEEA52B6BB13600C28F7E = {
						CreatedOnToolsVersion = 15.0;
					};
				};
			};
			buildConfigurationList = 6D7CEEA12B6BB13600C28F7E /* Build configuration list for PBXProject "BTCrypto" */;
			compatibilityVersion = "Xcode 14.0";
			developmentRegion = en;
			hasScannedForEncodings = 0;
			knownRegions = (
				en,
				Base,
			);
			mainGroup = 6D7CEE9D2B6BB13600C28F7E;
			packageReferences = (
				6D7CEEDD2B703F7B00C28F7E /* XCRemoteSwiftPackageReference "firebase-ios-sdk" */,
			);
			productRefGroup = 6D7CEEA72B6BB13600C28F7E /* Products */;
			projectDirPath = "";
			projectRoot = "";
			targets = (
				6D7CEEA52B6BB13600C28F7E /* BTCrypto */,
			);
		};
/* End PBXProject section */

/* Begin PBXResourcesBuildPhase section */
		6D7CEEA42B6BB13600C28F7E /* Resources */ = {
			isa = PBXResourcesBuildPhase;
			buildActionMask = 2147483647;
			files = (
				6D7CEEB62B6BB14300C28F7E /* LaunchScreen.storyboard in Resources */,
				6D7CEEFB2B704D6800C28F7E /* GoogleService-Info.plist in Resources */,
				6D7CEEB32B6BB14300C28F7E /* Assets.xcassets in Resources */,
				6D7CEEB12B6BB13600C28F7E /* Main.storyboard in Resources */,
			);
			runOnlyForDeploymentPostprocessing = 0;
		};
/* End PBXResourcesBuildPhase section */

/* Begin PBXSourcesBuildPhase section */
		6D7CEEA22B6BB13600C28F7E /* Sources */ = {
			isa = PBXSourcesBuildPhase;
			buildActionMask = 2147483647;
			files = (
				6D7CEEC92B6BCE3500C28F7E /* CryptoModel.swift in Sources */,
				6D7CEEAA2B6BB13600C28F7E /* AppDelegate.swift in Sources */,
				6D7CEED02B70310400C28F7E /* SellViewController.swift in Sources */,
				6D7CEED22B70310E00C28F7E /* SettingsViewController.swift in Sources */,
				6D01F55F2B78DE48001FD6B0 /* SignUpViewController.swift in Sources */,
				6D01F55D2B77CE20001FD6B0 /* SettingsTableViewCell.swift in Sources */,
				6D7CEECE2B6BE12E00C28F7E /* MainTableViewCell.swift in Sources */,
				6D7CEEC72B6BCDAD00C28F7E /* WebServices.swift in Sources */,
				6D7CEECB2B6BDBD800C28F7E /* CryptoViewModel.swift in Sources */,
				6D9CD6972B7B782E0087A90A /* ChangePasswordViewController.swift in Sources */,
				6D7CEEAC2B6BB13600C28F7E /* SceneDelegate.swift in Sources */,
				6D7CEEC52B6BB95A00C28F7E /* ViewController.swift in Sources */,
				6D7CEEC32B6BB57400C28F7E /* MainViewController.swift in Sources */,
				6D7CEED42B70366F00C28F7E /* SellTableViewCell.swift in Sources */,
				6D7CEED62B7036CD00C28F7E /* DetailsViewController.swift in Sources */,
				6D01F5612B7ADA88001FD6B0 /* WalletViewController.swift in Sources */,
			);
			runOnlyForDeploymentPostprocessing = 0;
		};
/* End PBXSourcesBuildPhase section */

/* Begin PBXVariantGroup section */
		6D7CEEAF2B6BB13600C28F7E /* Main.storyboard */ = {
			isa = PBXVariantGroup;
			children = (
				6D7CEEB02B6BB13600C28F7E /* Base */,
			);
			name = Main.storyboard;
			sourceTree = "<group>";
		};
		6D7CEEB42B6BB14300C28F7E /* LaunchScreen.storyboard */ = {
			isa = PBXVariantGroup;
			children = (
				6D7CEEB52B6BB14300C28F7E /* Base */,
			);
			name = LaunchScreen.storyboard;
			sourceTree = "<group>";
		};
/* End PBXVariantGroup section */

/* Begin XCBuildConfiguration section */
		6D7CEEB82B6BB14300C28F7E /* Debug */ = {
			isa = XCBuildConfiguration;
			buildSettings = {
				ALWAYS_SEARCH_USER_PATHS = NO;
				ASSETCATALOG_COMPILER_GENERATE_SWIFT_ASSET_SYMBOL_EXTENSIONS = YES;
				CLANG_ANALYZER_NONNULL = YES;
				CLANG_ANALYZER_NUMBER_OBJECT_CONVERSION = YES_AGGRESSIVE;
				CLANG_CXX_LANGUAGE_STANDARD = "gnu++20";
				CLANG_ENABLE_MODULES = YES;
				CLANG_ENABLE_OBJC_ARC = YES;
				CLANG_ENABLE_OBJC_WEAK = YES;
				CLANG_WARN_BLOCK_CAPTURE_AUTORELEASING = YES;
				CLANG_WARN_BOOL_CONVERSION = YES;
				CLANG_WARN_COMMA = YES;
				CLANG_WARN_CONSTANT_CONVERSION = YES;
				CLANG_WARN_DEPRECATED_OBJC_IMPLEMENTATIONS = YES;
				CLANG_WARN_DIRECT_OBJC_ISA_USAGE = YES_ERROR;
				CLANG_WARN_DOCUMENTATION_COMMENTS = YES;
				CLANG_WARN_EMPTY_BODY = YES;
				CLANG_WARN_ENUM_CONVERSION = YES;
				CLANG_WARN_INFINITE_RECURSION = YES;
				CLANG_WARN_INT_CONVERSION = YES;
				CLANG_WARN_NON_LITERAL_NULL_CONVERSION = YES;
				CLANG_WARN_OBJC_IMPLICIT_RETAIN_SELF = YES;
				CLANG_WARN_OBJC_LITERAL_CONVERSION = YES;
				CLANG_WARN_OBJC_ROOT_CLASS = YES_ERROR;
				CLANG_WARN_QUOTED_INCLUDE_IN_FRAMEWORK_HEADER = YES;
				CLANG_WARN_RANGE_LOOP_ANALYSIS = YES;
				CLANG_WARN_STRICT_PROTOTYPES = YES;
				CLANG_WARN_SUSPICIOUS_MOVE = YES;
				CLANG_WARN_UNGUARDED_AVAILABILITY = YES_AGGRESSIVE;
				CLANG_WARN_UNREACHABLE_CODE = YES;
				CLANG_WARN__DUPLICATE_METHOD_MATCH = YES;
				COPY_PHASE_STRIP = NO;
				DEBUG_INFORMATION_FORMAT = dwarf;
				ENABLE_STRICT_OBJC_MSGSEND = YES;
				ENABLE_TESTABILITY = YES;
				ENABLE_USER_SCRIPT_SANDBOXING = YES;
				GCC_C_LANGUAGE_STANDARD = gnu17;
				GCC_DYNAMIC_NO_PIC = NO;
				GCC_NO_COMMON_BLOCKS = YES;
				GCC_OPTIMIZATION_LEVEL = 0;
				GCC_PREPROCESSOR_DEFINITIONS = (
					"DEBUG=1",
					"$(inherited)",
				);
				GCC_WARN_64_TO_32_BIT_CONVERSION = YES;
				GCC_WARN_ABOUT_RETURN_TYPE = YES_ERROR;
				GCC_WARN_UNDECLARED_SELECTOR = YES;
				GCC_WARN_UNINITIALIZED_AUTOS = YES_AGGRESSIVE;
				GCC_WARN_UNUSED_FUNCTION = YES;
				GCC_WARN_UNUSED_VARIABLE = YES;
				IPHONEOS_DEPLOYMENT_TARGET = 17.0;
				LOCALIZATION_PREFERS_STRING_CATALOGS = YES;
				MTL_ENABLE_DEBUG_INFO = INCLUDE_SOURCE;
				MTL_FAST_MATH = YES;
				ONLY_ACTIVE_ARCH = YES;
				SDKROOT = iphoneos;
				SWIFT_ACTIVE_COMPILATION_CONDITIONS = "DEBUG $(inherited)";
				SWIFT_OPTIMIZATION_LEVEL = "-Onone";
			};
			name = Debug;
		};
		6D7CEEB92B6BB14300C28F7E /* Release */ = {
			isa = XCBuildConfiguration;
			buildSettings = {
				ALWAYS_SEARCH_USER_PATHS = NO;
				ASSETCATALOG_COMPILER_GENERATE_SWIFT_ASSET_SYMBOL_EXTENSIONS = YES;
				CLANG_ANALYZER_NONNULL = YES;
				CLANG_ANALYZER_NUMBER_OBJECT_CONVERSION = YES_AGGRESSIVE;
				CLANG_CXX_LANGUAGE_STANDARD = "gnu++20";
				CLANG_ENABLE_MODULES = YES;
				CLANG_ENABLE_OBJC_ARC = YES;
				CLANG_ENABLE_OBJC_WEAK = YES;
				CLANG_WARN_BLOCK_CAPTURE_AUTORELEASING = YES;
				CLANG_WARN_BOOL_CONVERSION = YES;
				CLANG_WARN_COMMA = YES;
				CLANG_WARN_CONSTANT_CONVERSION = YES;
				CLANG_WARN_DEPRECATED_OBJC_IMPLEMENTATIONS = YES;
				CLANG_WARN_DIRECT_OBJC_ISA_USAGE = YES_ERROR;
				CLANG_WARN_DOCUMENTATION_COMMENTS = YES;
				CLANG_WARN_EMPTY_BODY = YES;
				CLANG_WARN_ENUM_CONVERSION = YES;
				CLANG_WARN_INFINITE_RECURSION = YES;
				CLANG_WARN_INT_CONVERSION = YES;
				CLANG_WARN_NON_LITERAL_NULL_CONVERSION = YES;
				CLANG_WARN_OBJC_IMPLICIT_RETAIN_SELF = YES;
				CLANG_WARN_OBJC_LITERAL_CONVERSION = YES;
				CLANG_WARN_OBJC_ROOT_CLASS = YES_ERROR;
				CLANG_WARN_QUOTED_INCLUDE_IN_FRAMEWORK_HEADER = YES;
				CLANG_WARN_RANGE_LOOP_ANALYSIS = YES;
				CLANG_WARN_STRICT_PROTOTYPES = YES;
				CLANG_WARN_SUSPICIOUS_MOVE = YES;
				CLANG_WARN_UNGUARDED_AVAILABILITY = YES_AGGRESSIVE;
				CLANG_WARN_UNREACHABLE_CODE = YES;
				CLANG_WARN__DUPLICATE_METHOD_MATCH = YES;
				COPY_PHASE_STRIP = NO;
				DEBUG_INFORMATION_FORMAT = "dwarf-with-dsym";
				ENABLE_NS_ASSERTIONS = NO;
				ENABLE_STRICT_OBJC_MSGSEND = YES;
				ENABLE_USER_SCRIPT_SANDBOXING = YES;
				GCC_C_LANGUAGE_STANDARD = gnu17;
				GCC_NO_COMMON_BLOCKS = YES;
				GCC_WARN_64_TO_32_BIT_CONVERSION = YES;
				GCC_WARN_ABOUT_RETURN_TYPE = YES_ERROR;
				GCC_WARN_UNDECLARED_SELECTOR = YES;
				GCC_WARN_UNINITIALIZED_AUTOS = YES_AGGRESSIVE;
				GCC_WARN_UNUSED_FUNCTION = YES;
				GCC_WARN_UNUSED_VARIABLE = YES;
				IPHONEOS_DEPLOYMENT_TARGET = 17.0;
				LOCALIZATION_PREFERS_STRING_CATALOGS = YES;
				MTL_ENABLE_DEBUG_INFO = NO;
				MTL_FAST_MATH = YES;
				SDKROOT = iphoneos;
				SWIFT_COMPILATION_MODE = wholemodule;
				VALIDATE_PRODUCT = YES;
			};
			name = Release;
		};
		6D7CEEBB2B6BB14300C28F7E /* Debug */ = {
			isa = XCBuildConfiguration;
			buildSettings = {
				ASSETCATALOG_COMPILER_APPICON_NAME = AppIcon;
				ASSETCATALOG_COMPILER_GLOBAL_ACCENT_COLOR_NAME = AccentColor;
				CODE_SIGN_STYLE = Automatic;
				CURRENT_PROJECT_VERSION = 1;
				GENERATE_INFOPLIST_FILE = YES;
				INFOPLIST_FILE = BTCrypto/Info.plist;
				INFOPLIST_KEY_UIApplicationSupportsIndirectInputEvents = YES;
				INFOPLIST_KEY_UILaunchStoryboardName = LaunchScreen;
				INFOPLIST_KEY_UIMainStoryboardFile = Main;
				INFOPLIST_KEY_UISupportedInterfaceOrientations_iPad = "UIInterfaceOrientationPortrait UIInterfaceOrientationPortraitUpsideDown UIInterfaceOrientationLandscapeLeft UIInterfaceOrientationLandscapeRight";
				INFOPLIST_KEY_UISupportedInterfaceOrientations_iPhone = "UIInterfaceOrientationPortrait UIInterfaceOrientationLandscapeLeft UIInterfaceOrientationLandscapeRight";
				LD_RUNPATH_SEARCH_PATHS = (
					"$(inherited)",
					"@executable_path/Frameworks",
				);
				MARKETING_VERSION = 1.0;
				PRODUCT_BUNDLE_IDENTIFIER = com.beyzatastan.BTCrypto;
				PRODUCT_NAME = "$(TARGET_NAME)";
				SWIFT_EMIT_LOC_STRINGS = YES;
				SWIFT_VERSION = 5.0;
				TARGETED_DEVICE_FAMILY = "1,2";
			};
			name = Debug;
		};
		6D7CEEBC2B6BB14300C28F7E /* Release */ = {
			isa = XCBuildConfiguration;
			buildSettings = {
				ASSETCATALOG_COMPILER_APPICON_NAME = AppIcon;
				ASSETCATALOG_COMPILER_GLOBAL_ACCENT_COLOR_NAME = AccentColor;
				CODE_SIGN_STYLE = Automatic;
				CURRENT_PROJECT_VERSION = 1;
				GENERATE_INFOPLIST_FILE = YES;
				INFOPLIST_FILE = BTCrypto/Info.plist;
				INFOPLIST_KEY_UIApplicationSupportsIndirectInputEvents = YES;
				INFOPLIST_KEY_UILaunchStoryboardName = LaunchScreen;
				INFOPLIST_KEY_UIMainStoryboardFile = Main;
				INFOPLIST_KEY_UISupportedInterfaceOrientations_iPad = "UIInterfaceOrientationPortrait UIInterfaceOrientationPortraitUpsideDown UIInterfaceOrientationLandscapeLeft UIInterfaceOrientationLandscapeRight";
				INFOPLIST_KEY_UISupportedInterfaceOrientations_iPhone = "UIInterfaceOrientationPortrait UIInterfaceOrientationLandscapeLeft UIInterfaceOrientationLandscapeRight";
				LD_RUNPATH_SEARCH_PATHS = (
					"$(inherited)",
					"@executable_path/Frameworks",
				);
				MARKETING_VERSION = 1.0;
				PRODUCT_BUNDLE_IDENTIFIER = com.beyzatastan.BTCrypto;
				PRODUCT_NAME = "$(TARGET_NAME)";
				SWIFT_EMIT_LOC_STRINGS = YES;
				SWIFT_VERSION = 5.0;
				TARGETED_DEVICE_FAMILY = "1,2";
			};
			name = Release;
		};
/* End XCBuildConfiguration section */

/* Begin XCConfigurationList section */
		6D7CEEA12B6BB13600C28F7E /* Build configuration list for PBXProject "BTCrypto" */ = {
			isa = XCConfigurationList;
			buildConfigurations = (
				6D7CEEB82B6BB14300C28F7E /* Debug */,
				6D7CEEB92B6BB14300C28F7E /* Release */,
			);
			defaultConfigurationIsVisible = 0;
			defaultConfigurationName = Release;
		};
		6D7CEEBA2B6BB14300C28F7E /* Build configuration list for PBXNativeTarget "BTCrypto" */ = {
			isa = XCConfigurationList;
			buildConfigurations = (
				6D7CEEBB2B6BB14300C28F7E /* Debug */,
				6D7CEEBC2B6BB14300C28F7E /* Release */,
			);
			defaultConfigurationIsVisible = 0;
			defaultConfigurationName = Release;
		};
/* End XCConfigurationList section */

/* Begin XCRemoteSwiftPackageReference section */
		6D7CEEDD2B703F7B00C28F7E /* XCRemoteSwiftPackageReference "firebase-ios-sdk" */ = {
			isa = XCRemoteSwiftPackageReference;
			repositoryURL = "https://github.com/firebase/firebase-ios-sdk";
			requirement = {
				kind = upToNextMajorVersion;
				minimumVersion = 10.20.0;
			};
		};
/* End XCRemoteSwiftPackageReference section */

/* Begin XCSwiftPackageProductDependency section */
		6D7CEEDE2B703F7B00C28F7E /* FirebaseAnalytics */ = {
			isa = XCSwiftPackageProductDependency;
			package = 6D7CEEDD2B703F7B00C28F7E /* XCRemoteSwiftPackageReference "firebase-ios-sdk" */;
			productName = FirebaseAnalytics;
		};
		6D7CEEE02B703F7B00C28F7E /* FirebaseAnalyticsOnDeviceConversion */ = {
			isa = XCSwiftPackageProductDependency;
			package = 6D7CEEDD2B703F7B00C28F7E /* XCRemoteSwiftPackageReference "firebase-ios-sdk" */;
			productName = FirebaseAnalyticsOnDeviceConversion;
		};
		6D7CEEE22B703F7B00C28F7E /* FirebaseAppDistribution-Beta */ = {
			isa = XCSwiftPackageProductDependency;
			package = 6D7CEEDD2B703F7B00C28F7E /* XCRemoteSwiftPackageReference "firebase-ios-sdk" */;
			productName = "FirebaseAppDistribution-Beta";
		};
		6D7CEEE42B703F7B00C28F7E /* FirebaseAuth */ = {
			isa = XCSwiftPackageProductDependency;
			package = 6D7CEEDD2B703F7B00C28F7E /* XCRemoteSwiftPackageReference "firebase-ios-sdk" */;
			productName = FirebaseAuth;
		};
		6D7CEEE62B703F7B00C28F7E /* FirebaseAuthCombine-Community */ = {
			isa = XCSwiftPackageProductDependency;
			package = 6D7CEEDD2B703F7B00C28F7E /* XCRemoteSwiftPackageReference "firebase-ios-sdk" */;
			productName = "FirebaseAuthCombine-Community";
		};
		6D7CEEE82B703F7B00C28F7E /* FirebaseCrashlytics */ = {
			isa = XCSwiftPackageProductDependency;
			package = 6D7CEEDD2B703F7B00C28F7E /* XCRemoteSwiftPackageReference "firebase-ios-sdk" */;
			productName = FirebaseCrashlytics;
		};
		6D7CEEEA2B703F7B00C28F7E /* FirebaseDatabase */ = {
			isa = XCSwiftPackageProductDependency;
			package = 6D7CEEDD2B703F7B00C28F7E /* XCRemoteSwiftPackageReference "firebase-ios-sdk" */;
			productName = FirebaseDatabase;
		};
		6D7CEEEC2B703F7B00C28F7E /* FirebaseDatabaseSwift */ = {
			isa = XCSwiftPackageProductDependency;
			package = 6D7CEEDD2B703F7B00C28F7E /* XCRemoteSwiftPackageReference "firebase-ios-sdk" */;
			productName = FirebaseDatabaseSwift;
		};
		6D7CEEEE2B703F7B00C28F7E /* FirebaseFirestore */ = {
			isa = XCSwiftPackageProductDependency;
			package = 6D7CEEDD2B703F7B00C28F7E /* XCRemoteSwiftPackageReference "firebase-ios-sdk" */;
			productName = FirebaseFirestore;
		};
		6D7CEEF02B703F7B00C28F7E /* FirebaseStorage */ = {
			isa = XCSwiftPackageProductDependency;
			package = 6D7CEEDD2B703F7B00C28F7E /* XCRemoteSwiftPackageReference "firebase-ios-sdk" */;
			productName = FirebaseStorage;
		};
/* End XCSwiftPackageProductDependency section */
	};
	rootObject = 6D7CEE9E2B6BB13600C28F7E /* Project object */;
}
